
Microsoft Visual Studio Solution File, Format Version 12.00
# Visual Studio Version 16
VisualStudioVersion = 16.0.33801.447
MinimumVisualStudioVersion = 10.0.40219.1
Project("{FAE04EC0-301F-11D3-BF4B-00C04F79EFBC}") = "UniteSpot", "UniteSpot\UniteSpot.csproj", "{BC9051AB-E97B-4C9B-8433-3041F340E79C}"
EndProject
Global
	GlobalSection(SolutionConfigurationPlatforms) = preSolution
		Debug|Any CPU = Debug|Any CPU
		Release|Any CPU = Release|Any CPU
	EndGlobalSection
	GlobalSection(ProjectConfigurationPlatforms) = postSolution
		{BC9051AB-E97B-4C9B-8433-3041F340E79C}.Debug|Any CPU.ActiveCfg = Debug|Any CPU
		{BC9051AB-E97B-4C9B-8433-3041F340E79C}.Debug|Any CPU.Build.0 = Debug|Any CPU
		{BC9051AB-E97B-4C9B-8433-3041F340E79C}.Release|Any CPU.ActiveCfg = Release|Any CPU
		{BC9051AB-E97B-4C9B-8433-3041F340E79C}.Release|Any CPU.Build.0 = Release|Any CPU
	EndGlobalSection
	GlobalSection(SolutionProperties) = preSolution
		HideSolutionNode = FALSE
	EndGlobalSection
	GlobalSection(ExtensibilityGlobals) = postSolution
		SolutionGuid = {9EBF41C0-545F-4A68-8D2B-83BA9CE33CCF}
	EndGlobalSection
EndGlobal
